PODS:
  - Alamofire (5.9.1)
  - BigInt (5.0.0)
  - CryptoSwift (1.8.2)
  - EmptyDataSet-Swift (5.0.0)
  - GenericJSON (2.0.2)
  - IQKeyboardManagerSwift (7.1.1)
  - KeychainSwift (20.0.0)
  - Logging (1.0.0)
  - MJRefresh (3.7.9)
  - secp256k1.swift (0.1.4)
  - SGQRCode (4.1.0)
  - SnapKit (5.7.1)
  - SwiftyJSON (5.0.2)
  - Toast-Swift (5.1.1)
  - TorusSessionManager (3.0.1):
    - CryptoSwift (~> 1.8.0)
    - KeychainSwift (~> 20.0.0)
    - web3.swift (~> 1.6.0)
  - web3.swift (1.6.0):
    - BigInt (~> 5.0.0)
    - GenericJSON (~> 2.0)
    - Logging (~> 1.0.0)
    - secp256k1.swift (~> 0.1)
  - Web3Auth (7.5.1):
    - CryptoSwift (~> 1.8.0)
    - KeychainSwift (~> 20.0.0)
    - TorusSessionManager (~> 3.0.1)
    - web3.swift (~> 1.6.0)

DEPENDENCIES:
  - Alamofire
  - EmptyDataSet-Swift (~> 5.0.0)
  - IQKeyboardManagerSwift
  - MJRefresh
  - SGQRCode (~> 4.1.0)
  - SnapKit
  - SwiftyJSON
  - Toast-Swift
  - web3.swift
  - Web3Auth

SPEC REPOS:
  trunk:
    - Alamofire
    - BigInt
    - CryptoSwift
    - EmptyDataSet-Swift
    - GenericJSON
    - IQKeyboardManagerSwift
    - KeychainSwift
    - Logging
    - MJRefresh
    - secp256k1.swift
    - SGQRCode
    - SnapKit
    - SwiftyJSON
    - Toast-Swift
    - TorusSessionManager
    - web3.swift
    - Web3Auth

SPEC CHECKSUMS:
  Alamofire: f36a35757af4587d8e4f4bfa223ad10be2422b8c
  BigInt: 74b4d88367b0e819d9f77393549226d36faeb0d8
  CryptoSwift: c63a805d8bb5e5538e88af4e44bb537776af11ea
  EmptyDataSet-Swift: eb382c0c87a2d9c678077385a595cec52da38171
  GenericJSON: 79a840eeb77030962e8cf02a62d36bd413b67626
  IQKeyboardManagerSwift: d7f3d3a562c237a0e7335e657cd598c452f57f1b
  KeychainSwift: 0ce6a4d13f7228054d1a71bb1b500448fb2ab837
  Logging: 9ef4ecb546ad3169398d5a723bc9bea1c46bef26
  MJRefresh: ff9e531227924c84ce459338414550a05d2aea78
  secp256k1.swift: a7e7a214f6db6ce5db32cc6b2b45e5c4dd633634
  SGQRCode: 6ad664d63f38f2842503bc5087812c5a3136d924
  SnapKit: d612e99e678a2d3b95bf60b0705ed0a35c03484a
  SwiftyJSON: f5b1bf1cd8dd53cd25887ac0eabcfd92301c6a5a
  Toast-Swift: 7a03a532afe3a560d4044bc7c237e2864d295173
  TorusSessionManager: 829495789427b7ad7e29f2b535092a44f3900b42
  web3.swift: 2263d1e12e121b2c42ffb63a5a7beb1acaf33959
  Web3Auth: 92765f42b9b1443a359475c39d2ae163a212eac5

PODFILE CHECKSUM: bdf20b14d9d74a7bd343ce0263fb8551957376b3

COCOAPODS: 1.15.2
